
Microsoft Visual Studio Solution File, Format Version 12.00
# Visual Studio 15
VisualStudioVersion = 15.0.28010.2019
MinimumVisualStudioVersion = 10.0.40219.1
Project("{2150E333-8FDC-42A3-9474-1A3956D46DE8}") = "1. Models", "1. Models", "{7B83529A-1A87-4EC6-9001-3E41B33173C0}"
EndProject
Project("{2150E333-8FDC-42A3-9474-1A3956D46DE8}") = "2. Business", "2. Business", "{FE2FBC73-487B-4F5B-83CA-B6C6774D1E41}"
EndProject
Project("{2150E333-8FDC-42A3-9474-1A3956D46DE8}") = "3. Services", "3. Services", "{898CD457-74C5-447F-9E1C-083E44D805F5}"
EndProject
Project("{2150E333-8FDC-42A3-9474-1A3956D46DE8}") = "4. Userinterfaces", "4. Userinterfaces", "{03C04E79-3381-4671-93C9-7E2828BCA8FA}"
EndProject
Project("{2150E333-8FDC-42A3-9474-1A3956D46DE8}") = "5. Infrastructure", "5. Infrastructure", "{95B18CC7-9B1F-4E16-9870-ECF57D0F00AC}"
EndProject
Project("{2150E333-8FDC-42A3-9474-1A3956D46DE8}") = "6. Testsuites", "6. Testsuites", "{B731468C-6397-4379-AD5F-7A9FFE1EE0B2}"
EndProject
Project("{2150E333-8FDC-42A3-9474-1A3956D46DE8}") = "7. Database", "7. Database", "{A6809FB5-3A6E-4FF2-8F32-DEEFF342382C}"
EndProject
Project("{00D1A9C2-B5F0-4AF3-8072-F6C62B433612}") = "TalentenShow.Database", "TalentenShow.Database\TalentenShow.Database.sqlproj", "{C013137F-5A97-4179-8428-7BE3088CA9C7}"
EndProject
Project("{FAE04EC0-301F-11D3-BF4B-00C04F79EFBC}") = "TalentenShow.Domain.Models", "TalentenShow.Domain.Models\TalentenShow.Domain.Models.csproj", "{9539C3C7-3037-4EE6-AA0E-2691D28B6691}"
EndProject
Project("{FAE04EC0-301F-11D3-BF4B-00C04F79EFBC}") = "TalentenShow.Domain.Business", "TalentenShow.Domain.Business\TalentenShow.Domain.Business.csproj", "{0F6E31C2-A478-4D42-A779-E89E5FB1581F}"
	ProjectSection(ProjectDependencies) = postProject
		{111F6E92-564B-49A4-8444-C0AA796290FA} = {111F6E92-564B-49A4-8444-C0AA796290FA}
		{9539C3C7-3037-4EE6-AA0E-2691D28B6691} = {9539C3C7-3037-4EE6-AA0E-2691D28B6691}
	EndProjectSection
EndProject
Project("{FAE04EC0-301F-11D3-BF4B-00C04F79EFBC}") = "TalentenShow.Domain.Business.Contracts", "TalentenShow.Domain.Business.Contracts\TalentenShow.Domain.Business.Contracts.csproj", "{111F6E92-564B-49A4-8444-C0AA796290FA}"
EndProject
Project("{FAE04EC0-301F-11D3-BF4B-00C04F79EFBC}") = "TalentenShow.Repository", "TalentenShow.Repository\TalentenShow.Repository.csproj", "{4EDE0387-448B-413F-9874-0419B071D90C}"
	ProjectSection(ProjectDependencies) = postProject
		{111F6E92-564B-49A4-8444-C0AA796290FA} = {111F6E92-564B-49A4-8444-C0AA796290FA}
		{9539C3C7-3037-4EE6-AA0E-2691D28B6691} = {9539C3C7-3037-4EE6-AA0E-2691D28B6691}
	EndProjectSection
EndProject
Project("{FAE04EC0-301F-11D3-BF4B-00C04F79EFBC}") = "TalentenShow.UnitTests", "TalentenShow.UnitTests\TalentenShow.UnitTests.csproj", "{FBBEF9CC-3AB8-4822-9AB0-26DE3CB0AEB7}"
	ProjectSection(ProjectDependencies) = postProject
		{111F6E92-564B-49A4-8444-C0AA796290FA} = {111F6E92-564B-49A4-8444-C0AA796290FA}
		{0F6E31C2-A478-4D42-A779-E89E5FB1581F} = {0F6E31C2-A478-4D42-A779-E89E5FB1581F}
		{9539C3C7-3037-4EE6-AA0E-2691D28B6691} = {9539C3C7-3037-4EE6-AA0E-2691D28B6691}
	EndProjectSection
EndProject
Project("{FAE04EC0-301F-11D3-BF4B-00C04F79EFBC}") = "TalentenShow.WebApi", "TalentenShow.WebApi\TalentenShow.WebApi.csproj", "{127AABA4-1322-4DFF-9307-ECA92290D99B}"
	ProjectSection(ProjectDependencies) = postProject
		{4EDE0387-448B-413F-9874-0419B071D90C} = {4EDE0387-448B-413F-9874-0419B071D90C}
		{111F6E92-564B-49A4-8444-C0AA796290FA} = {111F6E92-564B-49A4-8444-C0AA796290FA}
		{0F6E31C2-A478-4D42-A779-E89E5FB1581F} = {0F6E31C2-A478-4D42-A779-E89E5FB1581F}
		{9539C3C7-3037-4EE6-AA0E-2691D28B6691} = {9539C3C7-3037-4EE6-AA0E-2691D28B6691}
	EndProjectSection
EndProject
Project("{FAE04EC0-301F-11D3-BF4B-00C04F79EFBC}") = "TalentenShow.Web", "TalentenShow.Web\TalentenShow.Web.csproj", "{240F37B8-92FC-41C4-9BE8-91122EAB8F22}"
EndProject
Global
	GlobalSection(SolutionConfigurationPlatforms) = preSolution
		Debug|Any CPU = Debug|Any CPU
		Release|Any CPU = Release|Any CPU
	EndGlobalSection
	GlobalSection(ProjectConfigurationPlatforms) = postSolution
		{C013137F-5A97-4179-8428-7BE3088CA9C7}.Debug|Any CPU.ActiveCfg = Debug|Any CPU
		{C013137F-5A97-4179-8428-7BE3088CA9C7}.Debug|Any CPU.Build.0 = Debug|Any CPU
		{C013137F-5A97-4179-8428-7BE3088CA9C7}.Debug|Any CPU.Deploy.0 = Debug|Any CPU
		{C013137F-5A97-4179-8428-7BE3088CA9C7}.Release|Any CPU.ActiveCfg = Release|Any CPU
		{C013137F-5A97-4179-8428-7BE3088CA9C7}.Release|Any CPU.Build.0 = Release|Any CPU
		{C013137F-5A97-4179-8428-7BE3088CA9C7}.Release|Any CPU.Deploy.0 = Release|Any CPU
		{9539C3C7-3037-4EE6-AA0E-2691D28B6691}.Debug|Any CPU.ActiveCfg = Debug|Any CPU
		{9539C3C7-3037-4EE6-AA0E-2691D28B6691}.Debug|Any CPU.Build.0 = Debug|Any CPU
		{9539C3C7-3037-4EE6-AA0E-2691D28B6691}.Release|Any CPU.ActiveCfg = Release|Any CPU
		{9539C3C7-3037-4EE6-AA0E-2691D28B6691}.Release|Any CPU.Build.0 = Release|Any CPU
		{0F6E31C2-A478-4D42-A779-E89E5FB1581F}.Debug|Any CPU.ActiveCfg = Debug|Any CPU
		{0F6E31C2-A478-4D42-A779-E89E5FB1581F}.Debug|Any CPU.Build.0 = Debug|Any CPU
		{0F6E31C2-A478-4D42-A779-E89E5FB1581F}.Release|Any CPU.ActiveCfg = Release|Any CPU
		{0F6E31C2-A478-4D42-A779-E89E5FB1581F}.Release|Any CPU.Build.0 = Release|Any CPU
		{111F6E92-564B-49A4-8444-C0AA796290FA}.Debug|Any CPU.ActiveCfg = Debug|Any CPU
		{111F6E92-564B-49A4-8444-C0AA796290FA}.Debug|Any CPU.Build.0 = Debug|Any CPU
		{111F6E92-564B-49A4-8444-C0AA796290FA}.Release|Any CPU.ActiveCfg = Release|Any CPU
		{111F6E92-564B-49A4-8444-C0AA796290FA}.Release|Any CPU.Build.0 = Release|Any CPU
		{4EDE0387-448B-413F-9874-0419B071D90C}.Debug|Any CPU.ActiveCfg = Debug|Any CPU
		{4EDE0387-448B-413F-9874-0419B071D90C}.Debug|Any CPU.Build.0 = Debug|Any CPU
		{4EDE0387-448B-413F-9874-0419B071D90C}.Release|Any CPU.ActiveCfg = Release|Any CPU
		{4EDE0387-448B-413F-9874-0419B071D90C}.Release|Any CPU.Build.0 = Release|Any CPU
		{FBBEF9CC-3AB8-4822-9AB0-26DE3CB0AEB7}.Debug|Any CPU.ActiveCfg = Debug|Any CPU
		{FBBEF9CC-3AB8-4822-9AB0-26DE3CB0AEB7}.Debug|Any CPU.Build.0 = Debug|Any CPU
		{FBBEF9CC-3AB8-4822-9AB0-26DE3CB0AEB7}.Release|Any CPU.ActiveCfg = Release|Any CPU
		{FBBEF9CC-3AB8-4822-9AB0-26DE3CB0AEB7}.Release|Any CPU.Build.0 = Release|Any CPU
		{127AABA4-1322-4DFF-9307-ECA92290D99B}.Debug|Any CPU.ActiveCfg = Debug|Any CPU
		{127AABA4-1322-4DFF-9307-ECA92290D99B}.Debug|Any CPU.Build.0 = Debug|Any CPU
		{127AABA4-1322-4DFF-9307-ECA92290D99B}.Release|Any CPU.ActiveCfg = Release|Any CPU
		{127AABA4-1322-4DFF-9307-ECA92290D99B}.Release|Any CPU.Build.0 = Release|Any CPU
		{240F37B8-92FC-41C4-9BE8-91122EAB8F22}.Debug|Any CPU.ActiveCfg = Debug|Any CPU
		{240F37B8-92FC-41C4-9BE8-91122EAB8F22}.Debug|Any CPU.Build.0 = Debug|Any CPU
		{240F37B8-92FC-41C4-9BE8-91122EAB8F22}.Release|Any CPU.ActiveCfg = Release|Any CPU
		{240F37B8-92FC-41C4-9BE8-91122EAB8F22}.Release|Any CPU.Build.0 = Release|Any CPU
	EndGlobalSection
	GlobalSection(SolutionProperties) = preSolution
		HideSolutionNode = FALSE
	EndGlobalSection
	GlobalSection(NestedProjects) = preSolution
		{C013137F-5A97-4179-8428-7BE3088CA9C7} = {A6809FB5-3A6E-4FF2-8F32-DEEFF342382C}
		{9539C3C7-3037-4EE6-AA0E-2691D28B6691} = {7B83529A-1A87-4EC6-9001-3E41B33173C0}
		{0F6E31C2-A478-4D42-A779-E89E5FB1581F} = {FE2FBC73-487B-4F5B-83CA-B6C6774D1E41}
		{111F6E92-564B-49A4-8444-C0AA796290FA} = {FE2FBC73-487B-4F5B-83CA-B6C6774D1E41}
		{4EDE0387-448B-413F-9874-0419B071D90C} = {95B18CC7-9B1F-4E16-9870-ECF57D0F00AC}
		{FBBEF9CC-3AB8-4822-9AB0-26DE3CB0AEB7} = {B731468C-6397-4379-AD5F-7A9FFE1EE0B2}
		{127AABA4-1322-4DFF-9307-ECA92290D99B} = {898CD457-74C5-447F-9E1C-083E44D805F5}
		{240F37B8-92FC-41C4-9BE8-91122EAB8F22} = {03C04E79-3381-4671-93C9-7E2828BCA8FA}
	EndGlobalSection
	GlobalSection(ExtensibilityGlobals) = postSolution
		SolutionGuid = {D4B45472-0238-4765-8A7C-4DE787F069B9}
	EndGlobalSection
EndGlobal
